
Microsoft Visual Studio Solution File, Format Version 12.00
# Visual Studio Version 17
VisualStudioVersion = 17.3.32901.215
MinimumVisualStudioVersion = 10.0.40219.1
Project("{2150E333-8FDC-42A3-9474-1A3956D46DE8}") = "Services", "Services", "{10D8A055-BC50-4C46-99A5-432ECA6A3851}"
EndProject
Project("{2150E333-8FDC-42A3-9474-1A3956D46DE8}") = "MiddleEnd", "MiddleEnd", "{73A07817-1E7A-4249-B2EE-BB6C05205D79}"
EndProject
Project("{2150E333-8FDC-42A3-9474-1A3956D46DE8}") = "Infrastructures", "Infrastructures", "{4F012BF8-A0E7-4F31-A440-9F79A8F195E1}"
EndProject
Project("{2150E333-8FDC-42A3-9474-1A3956D46DE8}") = "Merchants", "Merchants", "{EB9FF408-AB5D-43A3-951E-91253110C27F}"
EndProject
Project("{2150E333-8FDC-42A3-9474-1A3956D46DE8}") = "Warehouse", "Warehouse", "{FF916E6E-4F2F-4690-866D-E680287A2FC0}"
EndProject
Project("{2150E333-8FDC-42A3-9474-1A3956D46DE8}") = "Shared", "Shared", "{818A6AAC-1AA9-42AC-AAF5-4AD50AFEDAA9}"
EndProject
Project("{9A19103F-16F7-4668-BE54-9A1E7A4F7556}") = "DomainBase", "DomainBase\DomainBase.csproj", "{7711A7D3-AD13-4DF4-B43C-375AEA3DD981}"
EndProject
Project("{2150E333-8FDC-42A3-9474-1A3956D46DE8}") = "ExpSites", "ExpSites", "{453FE8A1-4672-4F00-96C7-9CE4BE8AD317}"
EndProject
Project("{9A19103F-16F7-4668-BE54-9A1E7A4F7556}") = "Merchant.Api", "Merchant.Api\Merchant.Api.csproj", "{F2C66303-23AF-4572-A575-934092409169}"
EndProject
Project("{9A19103F-16F7-4668-BE54-9A1E7A4F7556}") = "Merchant.IntegrationTest", "Merchant.IntegrationTest\Merchant.IntegrationTest.csproj", "{B9824E04-52D0-4833-A4A6-3C067030BE95}"
EndProject
Project("{2150E333-8FDC-42A3-9474-1A3956D46DE8}") = "Partner", "Partner", "{6EF4E7B5-9A5D-4603-A5B4-D332B124AC9C}"
EndProject
Project("{9A19103F-16F7-4668-BE54-9A1E7A4F7556}") = "EventBus", "EventBus\EventBus.csproj", "{845E4539-2D16-451C-85ED-0E389370A6CA}"
EndProject
Project("{9A19103F-16F7-4668-BE54-9A1E7A4F7556}") = "EventBus.RabbitMQ", "EventBusRabbitMQ\EventBus.RabbitMQ.csproj", "{FE100207-F6D9-4B24-AA6E-8FEF00EBE637}"
EndProject
Project("{9A19103F-16F7-4668-BE54-9A1E7A4F7556}") = "Wms", "Wms\Wms.csproj", "{E3866DFF-702D-4E15-9334-89E3DB37933B}"
EndProject
Project("{2150E333-8FDC-42A3-9474-1A3956D46DE8}") = "Identity", "Identity", "{49F0254C-6552-4768-9895-6CBFA839BB3D}"
EndProject
Project("{9A19103F-16F7-4668-BE54-9A1E7A4F7556}") = "Oms", "Oms\Oms.csproj", "{14C55424-59CE-4254-BE8A-59762BC03A37}"
EndProject
Project("{2150E333-8FDC-42A3-9474-1A3956D46DE8}") = "Orderpool", "Orderpool", "{3403E3FE-364A-4C35-B3FF-AED60526F6A5}"
EndProject
Project("{9A19103F-16F7-4668-BE54-9A1E7A4F7556}") = "Orderpool.Api", "Orderpool.Api\Orderpool.Api.csproj", "{E00B7CC6-6611-47A4-98BA-564E0754C7DF}"
EndProject
Project("{9A19103F-16F7-4668-BE54-9A1E7A4F7556}") = "TempConsoleApp", "TempConsoleApp\TempConsoleApp.csproj", "{0E901795-60B3-47B9-A03C-DA21C199352A}"
EndProject
Project("{2150E333-8FDC-42A3-9474-1A3956D46DE8}") = "Solution Items", "Solution Items", "{3FABC760-0466-4264-B4E5-14D864300DE8}"
	ProjectSection(SolutionItems) = preProject
		.editorconfig = .editorconfig
		.gitignore = .gitignore
	EndProjectSection
EndProject
Project("{9A19103F-16F7-4668-BE54-9A1E7A4F7556}") = "IdentityCenter", "IdentityCenter\IdentityCenter.csproj", "{183DBFDC-FDAA-4F47-AA59-4DBFA261E318}"
EndProject
Project("{2150E333-8FDC-42A3-9474-1A3956D46DE8}") = "Shippment", "Shippment", "{1A3EF925-35CE-44D3-9967-FF2F242FE155}"
EndProject
Project("{9A19103F-16F7-4668-BE54-9A1E7A4F7556}") = "Shippment.Domain", "Shippment.Domain\Shippment.Domain.csproj", "{E8BBE3A2-62C2-4B5C-8865-911C4DBC5A5D}"
EndProject
Project("{9A19103F-16F7-4668-BE54-9A1E7A4F7556}") = "Shipment.Domain.Test", "Shipment.Domain.Test\Shipment.Domain.Test.csproj", "{9B234245-5BD9-4923-AA8F-D6D8AF2A4CD5}"
EndProject
Project("{9A19103F-16F7-4668-BE54-9A1E7A4F7556}") = "Shipment.Api", "Shipment.Api\Shipment.Api.csproj", "{63060FF8-E480-459A-81BC-843AC5D6C128}"
EndProject
Global
	GlobalSection(SolutionConfigurationPlatforms) = preSolution
		Debug|Any CPU = Debug|Any CPU
		Release|Any CPU = Release|Any CPU
	EndGlobalSection
	GlobalSection(ProjectConfigurationPlatforms) = postSolution
		{7711A7D3-AD13-4DF4-B43C-375AEA3DD981}.Debug|Any CPU.ActiveCfg = Debug|Any CPU
		{7711A7D3-AD13-4DF4-B43C-375AEA3DD981}.Debug|Any CPU.Build.0 = Debug|Any CPU
		{7711A7D3-AD13-4DF4-B43C-375AEA3DD981}.Release|Any CPU.ActiveCfg = Release|Any CPU
		{7711A7D3-AD13-4DF4-B43C-375AEA3DD981}.Release|Any CPU.Build.0 = Release|Any CPU
		{F2C66303-23AF-4572-A575-934092409169}.Debug|Any CPU.ActiveCfg = Debug|Any CPU
		{F2C66303-23AF-4572-A575-934092409169}.Debug|Any CPU.Build.0 = Debug|Any CPU
		{F2C66303-23AF-4572-A575-934092409169}.Release|Any CPU.ActiveCfg = Release|Any CPU
		{F2C66303-23AF-4572-A575-934092409169}.Release|Any CPU.Build.0 = Release|Any CPU
		{B9824E04-52D0-4833-A4A6-3C067030BE95}.Debug|Any CPU.ActiveCfg = Debug|Any CPU
		{B9824E04-52D0-4833-A4A6-3C067030BE95}.Debug|Any CPU.Build.0 = Debug|Any CPU
		{B9824E04-52D0-4833-A4A6-3C067030BE95}.Release|Any CPU.ActiveCfg = Release|Any CPU
		{B9824E04-52D0-4833-A4A6-3C067030BE95}.Release|Any CPU.Build.0 = Release|Any CPU
		{845E4539-2D16-451C-85ED-0E389370A6CA}.Debug|Any CPU.ActiveCfg = Debug|Any CPU
		{845E4539-2D16-451C-85ED-0E389370A6CA}.Debug|Any CPU.Build.0 = Debug|Any CPU
		{845E4539-2D16-451C-85ED-0E389370A6CA}.Release|Any CPU.ActiveCfg = Release|Any CPU
		{845E4539-2D16-451C-85ED-0E389370A6CA}.Release|Any CPU.Build.0 = Release|Any CPU
		{FE100207-F6D9-4B24-AA6E-8FEF00EBE637}.Debug|Any CPU.ActiveCfg = Debug|Any CPU
		{FE100207-F6D9-4B24-AA6E-8FEF00EBE637}.Debug|Any CPU.Build.0 = Debug|Any CPU
		{FE100207-F6D9-4B24-AA6E-8FEF00EBE637}.Release|Any CPU.ActiveCfg = Release|Any CPU
		{FE100207-F6D9-4B24-AA6E-8FEF00EBE637}.Release|Any CPU.Build.0 = Release|Any CPU
		{E3866DFF-702D-4E15-9334-89E3DB37933B}.Debug|Any CPU.ActiveCfg = Debug|Any CPU
		{E3866DFF-702D-4E15-9334-89E3DB37933B}.Debug|Any CPU.Build.0 = Debug|Any CPU
		{E3866DFF-702D-4E15-9334-89E3DB37933B}.Release|Any CPU.ActiveCfg = Release|Any CPU
		{E3866DFF-702D-4E15-9334-89E3DB37933B}.Release|Any CPU.Build.0 = Release|Any CPU
		{14C55424-59CE-4254-BE8A-59762BC03A37}.Debug|Any CPU.ActiveCfg = Debug|Any CPU
		{14C55424-59CE-4254-BE8A-59762BC03A37}.Debug|Any CPU.Build.0 = Debug|Any CPU
		{14C55424-59CE-4254-BE8A-59762BC03A37}.Release|Any CPU.ActiveCfg = Release|Any CPU
		{14C55424-59CE-4254-BE8A-59762BC03A37}.Release|Any CPU.Build.0 = Release|Any CPU
		{E00B7CC6-6611-47A4-98BA-564E0754C7DF}.Debug|Any CPU.ActiveCfg = Debug|Any CPU
		{E00B7CC6-6611-47A4-98BA-564E0754C7DF}.Debug|Any CPU.Build.0 = Debug|Any CPU
		{E00B7CC6-6611-47A4-98BA-564E0754C7DF}.Release|Any CPU.ActiveCfg = Release|Any CPU
		{E00B7CC6-6611-47A4-98BA-564E0754C7DF}.Release|Any CPU.Build.0 = Release|Any CPU
		{0E901795-60B3-47B9-A03C-DA21C199352A}.Debug|Any CPU.ActiveCfg = Debug|Any CPU
		{0E901795-60B3-47B9-A03C-DA21C199352A}.Debug|Any CPU.Build.0 = Debug|Any CPU
		{0E901795-60B3-47B9-A03C-DA21C199352A}.Release|Any CPU.ActiveCfg = Release|Any CPU
		{0E901795-60B3-47B9-A03C-DA21C199352A}.Release|Any CPU.Build.0 = Release|Any CPU
		{183DBFDC-FDAA-4F47-AA59-4DBFA261E318}.Debug|Any CPU.ActiveCfg = Debug|Any CPU
		{183DBFDC-FDAA-4F47-AA59-4DBFA261E318}.Debug|Any CPU.Build.0 = Debug|Any CPU
		{183DBFDC-FDAA-4F47-AA59-4DBFA261E318}.Release|Any CPU.ActiveCfg = Release|Any CPU
		{183DBFDC-FDAA-4F47-AA59-4DBFA261E318}.Release|Any CPU.Build.0 = Release|Any CPU
		{E8BBE3A2-62C2-4B5C-8865-911C4DBC5A5D}.Debug|Any CPU.ActiveCfg = Debug|Any CPU
		{E8BBE3A2-62C2-4B5C-8865-911C4DBC5A5D}.Debug|Any CPU.Build.0 = Debug|Any CPU
		{E8BBE3A2-62C2-4B5C-8865-911C4DBC5A5D}.Release|Any CPU.ActiveCfg = Release|Any CPU
		{E8BBE3A2-62C2-4B5C-8865-911C4DBC5A5D}.Release|Any CPU.Build.0 = Release|Any CPU
		{9B234245-5BD9-4923-AA8F-D6D8AF2A4CD5}.Debug|Any CPU.ActiveCfg = Debug|Any CPU
		{9B234245-5BD9-4923-AA8F-D6D8AF2A4CD5}.Debug|Any CPU.Build.0 = Debug|Any CPU
		{9B234245-5BD9-4923-AA8F-D6D8AF2A4CD5}.Release|Any CPU.ActiveCfg = Release|Any CPU
		{9B234245-5BD9-4923-AA8F-D6D8AF2A4CD5}.Release|Any CPU.Build.0 = Release|Any CPU
		{63060FF8-E480-459A-81BC-843AC5D6C128}.Debug|Any CPU.ActiveCfg = Debug|Any CPU
		{63060FF8-E480-459A-81BC-843AC5D6C128}.Debug|Any CPU.Build.0 = Debug|Any CPU
		{63060FF8-E480-459A-81BC-843AC5D6C128}.Release|Any CPU.ActiveCfg = Release|Any CPU
		{63060FF8-E480-459A-81BC-843AC5D6C128}.Release|Any CPU.Build.0 = Release|Any CPU
	EndGlobalSection
	GlobalSection(SolutionProperties) = preSolution
		HideSolutionNode = FALSE
	EndGlobalSection
	GlobalSection(NestedProjects) = preSolution
		{EB9FF408-AB5D-43A3-951E-91253110C27F} = {10D8A055-BC50-4C46-99A5-432ECA6A3851}
		{FF916E6E-4F2F-4690-866D-E680287A2FC0} = {10D8A055-BC50-4C46-99A5-432ECA6A3851}
		{7711A7D3-AD13-4DF4-B43C-375AEA3DD981} = {818A6AAC-1AA9-42AC-AAF5-4AD50AFEDAA9}
		{453FE8A1-4672-4F00-96C7-9CE4BE8AD317} = {10D8A055-BC50-4C46-99A5-432ECA6A3851}
		{F2C66303-23AF-4572-A575-934092409169} = {EB9FF408-AB5D-43A3-951E-91253110C27F}
		{B9824E04-52D0-4833-A4A6-3C067030BE95} = {EB9FF408-AB5D-43A3-951E-91253110C27F}
		{6EF4E7B5-9A5D-4603-A5B4-D332B124AC9C} = {10D8A055-BC50-4C46-99A5-432ECA6A3851}
		{845E4539-2D16-451C-85ED-0E389370A6CA} = {4F012BF8-A0E7-4F31-A440-9F79A8F195E1}
		{FE100207-F6D9-4B24-AA6E-8FEF00EBE637} = {4F012BF8-A0E7-4F31-A440-9F79A8F195E1}
		{E3866DFF-702D-4E15-9334-89E3DB37933B} = {73A07817-1E7A-4249-B2EE-BB6C05205D79}
		{49F0254C-6552-4768-9895-6CBFA839BB3D} = {10D8A055-BC50-4C46-99A5-432ECA6A3851}
		{14C55424-59CE-4254-BE8A-59762BC03A37} = {73A07817-1E7A-4249-B2EE-BB6C05205D79}
		{3403E3FE-364A-4C35-B3FF-AED60526F6A5} = {10D8A055-BC50-4C46-99A5-432ECA6A3851}
		{E00B7CC6-6611-47A4-98BA-564E0754C7DF} = {3403E3FE-364A-4C35-B3FF-AED60526F6A5}
		{0E901795-60B3-47B9-A03C-DA21C199352A} = {3403E3FE-364A-4C35-B3FF-AED60526F6A5}
		{183DBFDC-FDAA-4F47-AA59-4DBFA261E318} = {73A07817-1E7A-4249-B2EE-BB6C05205D79}
		{1A3EF925-35CE-44D3-9967-FF2F242FE155} = {10D8A055-BC50-4C46-99A5-432ECA6A3851}
		{E8BBE3A2-62C2-4B5C-8865-911C4DBC5A5D} = {1A3EF925-35CE-44D3-9967-FF2F242FE155}
		{9B234245-5BD9-4923-AA8F-D6D8AF2A4CD5} = {1A3EF925-35CE-44D3-9967-FF2F242FE155}
		{63060FF8-E480-459A-81BC-843AC5D6C128} = {1A3EF925-35CE-44D3-9967-FF2F242FE155}
	EndGlobalSection
	GlobalSection(ExtensibilityGlobals) = postSolution
		SolutionGuid = {4CF1A6A3-0969-485F-A047-926886299CB7}
	EndGlobalSection
EndGlobal
